
Microsoft Visual Studio Solution File, Format Version 12.00
# Visual Studio Version 16
VisualStudioVersion = 16.0.30011.22
MinimumVisualStudioVersion = 10.0.40219.1
Project("{9A19103F-16F7-4668-BE54-9A1E7A4F7556}") = "cinemaApp", "cinemaApp.csproj", "{301933A3-6680-47E1-A76B-2FDDC1ED9EDF}"
EndProject
Global
	GlobalSection(SolutionConfigurationPlatforms) = preSolution
		Debug|Any CPU = Debug|Any CPU
		Release|Any CPU = Release|Any CPU
	EndGlobalSection
	GlobalSection(ProjectConfigurationPlatforms) = postSolution
		{301933A3-6680-47E1-A76B-2FDDC1ED9EDF}.Debug|Any CPU.ActiveCfg = Debug|Any CPU
		{301933A3-6680-47E1-A76B-2FDDC1ED9EDF}.Debug|Any CPU.Build.0 = Debug|Any CPU
		{301933A3-6680-47E1-A76B-2FDDC1ED9EDF}.Release|Any CPU.ActiveCfg = Release|Any CPU
		{301933A3-6680-47E1-A76B-2FDDC1ED9EDF}.Release|Any CPU.Build.0 = Release|Any CPU
	EndGlobalSection
	GlobalSection(SolutionProperties) = preSolution
		HideSolutionNode = FALSE
	EndGlobalSection
	GlobalSection(ExtensibilityGlobals) = postSolution
		SolutionGuid = {80C67EA2-5BEF-45F7-986A-557B1509C6F6}
	EndGlobalSection
EndGlobal
